
Microsoft Visual Studio Solution File, Format Version 12.00
# Visual Studio 14
VisualStudioVersion = 14.0.25420.1
MinimumVisualStudioVersion = 10.0.40219.1
Project("{FAE04EC0-301F-11D3-BF4B-00C04F79EFBC}") = "ATM", "ATM\ATM.csproj", "{FA2EFA13-E7E0-4EEA-A482-FE53FF7F4FA3}"
EndProject
Project("{FAE04EC0-301F-11D3-BF4B-00C04F79EFBC}") = "ATM.Tests", "ATM.Tests\ATM.Tests.csproj", "{93420D88-5B5C-4154-B9C2-80262C14C04F}"
EndProject
Project("{FAE04EC0-301F-11D3-BF4B-00C04F79EFBC}") = "ATM.DataAccess", "ATM.DataAccess\ATM.DataAccess.csproj", "{AC26F50B-2B10-4CEC-BC66-6B72AFD40A20}"
EndProject
Global
	GlobalSection(SolutionConfigurationPlatforms) = preSolution
		Debug|Any CPU = Debug|Any CPU
		Release|Any CPU = Release|Any CPU
	EndGlobalSection
	GlobalSection(ProjectConfigurationPlatforms) = postSolution
		{FA2EFA13-E7E0-4EEA-A482-FE53FF7F4FA3}.Debug|Any CPU.ActiveCfg = Debug|Any CPU
		{FA2EFA13-E7E0-4EEA-A482-FE53FF7F4FA3}.Debug|Any CPU.Build.0 = Debug|Any CPU
		{FA2EFA13-E7E0-4EEA-A482-FE53FF7F4FA3}.Release|Any CPU.ActiveCfg = Release|Any CPU
		{FA2EFA13-E7E0-4EEA-A482-FE53FF7F4FA3}.Release|Any CPU.Build.0 = Release|Any CPU
		{93420D88-5B5C-4154-B9C2-80262C14C04F}.Debug|Any CPU.ActiveCfg = Debug|Any CPU
		{93420D88-5B5C-4154-B9C2-80262C14C04F}.Debug|Any CPU.Build.0 = Debug|Any CPU
		{93420D88-5B5C-4154-B9C2-80262C14C04F}.Release|Any CPU.ActiveCfg = Release|Any CPU
		{93420D88-5B5C-4154-B9C2-80262C14C04F}.Release|Any CPU.Build.0 = Release|Any CPU
		{AC26F50B-2B10-4CEC-BC66-6B72AFD40A20}.Debug|Any CPU.ActiveCfg = Debug|Any CPU
		{AC26F50B-2B10-4CEC-BC66-6B72AFD40A20}.Debug|Any CPU.Build.0 = Debug|Any CPU
		{AC26F50B-2B10-4CEC-BC66-6B72AFD40A20}.Release|Any CPU.ActiveCfg = Release|Any CPU
		{AC26F50B-2B10-4CEC-BC66-6B72AFD40A20}.Release|Any CPU.Build.0 = Release|Any CPU
	EndGlobalSection
	GlobalSection(SolutionProperties) = preSolution
		HideSolutionNode = FALSE
	EndGlobalSection
EndGlobal
